
Microsoft Visual Studio Solution File, Format Version 12.00
# Visual Studio 2012
Project("{FAE04EC0-301F-11D3-BF4B-00C04F79EFBC}") = "BreadcrumbsService", "PinService\BreadcrumbsService.csproj", "{F84E09DA-FEF5-4AD2-B3B6-47301A6BB5F5}"
EndProject
Project("{FAE04EC0-301F-11D3-BF4B-00C04F79EFBC}") = "BusinessLogic", "BusinessLogic\BusinessLogic.csproj", "{CD4D2956-CEC6-4763-83DC-D60DF63BC66F}"
EndProject
Project("{FAE04EC0-301F-11D3-BF4B-00C04F79EFBC}") = "ExceptionHandler", "ExceptionHandler\ExceptionHandler.csproj", "{BA6383C2-9A18-4E1F-8611-A874F679CD74}"
EndProject
Project("{FAE04EC0-301F-11D3-BF4B-00C04F79EFBC}") = "DataRepository", "DataRepository\DataRepository.csproj", "{DF220008-735B-48C6-A4C0-B3C1DE3C5F98}"
EndProject
Project("{FAE04EC0-301F-11D3-BF4B-00C04F79EFBC}") = "S3Handler", "S3Handler\S3Handler.csproj", "{A684A159-0431-44E3-A7CC-93E55865EE63}"
EndProject
Project("{FAE04EC0-301F-11D3-BF4B-00C04F79EFBC}") = "FacebookHandler", "FacebookHandler\FacebookHandler.csproj", "{DF0B72F9-3725-4A0E-9086-779AB37B1538}"
EndProject
Project("{FAE04EC0-301F-11D3-BF4B-00C04F79EFBC}") = "Utilities", "Utilities\Utilities.csproj", "{90DCE232-04CA-4109-96F9-552407EA64B2}"
EndProject
Global
	GlobalSection(SolutionConfigurationPlatforms) = preSolution
		Debug|Any CPU = Debug|Any CPU
		Release|Any CPU = Release|Any CPU
	EndGlobalSection
	GlobalSection(ProjectConfigurationPlatforms) = postSolution
		{F84E09DA-FEF5-4AD2-B3B6-47301A6BB5F5}.Debug|Any CPU.ActiveCfg = Debug|Any CPU
		{F84E09DA-FEF5-4AD2-B3B6-47301A6BB5F5}.Debug|Any CPU.Build.0 = Debug|Any CPU
		{F84E09DA-FEF5-4AD2-B3B6-47301A6BB5F5}.Release|Any CPU.ActiveCfg = Release|Any CPU
		{F84E09DA-FEF5-4AD2-B3B6-47301A6BB5F5}.Release|Any CPU.Build.0 = Release|Any CPU
		{CD4D2956-CEC6-4763-83DC-D60DF63BC66F}.Debug|Any CPU.ActiveCfg = Debug|Any CPU
		{CD4D2956-CEC6-4763-83DC-D60DF63BC66F}.Debug|Any CPU.Build.0 = Debug|Any CPU
		{CD4D2956-CEC6-4763-83DC-D60DF63BC66F}.Release|Any CPU.ActiveCfg = Release|Any CPU
		{CD4D2956-CEC6-4763-83DC-D60DF63BC66F}.Release|Any CPU.Build.0 = Release|Any CPU
		{BA6383C2-9A18-4E1F-8611-A874F679CD74}.Debug|Any CPU.ActiveCfg = Debug|Any CPU
		{BA6383C2-9A18-4E1F-8611-A874F679CD74}.Debug|Any CPU.Build.0 = Debug|Any CPU
		{BA6383C2-9A18-4E1F-8611-A874F679CD74}.Release|Any CPU.ActiveCfg = Release|Any CPU
		{BA6383C2-9A18-4E1F-8611-A874F679CD74}.Release|Any CPU.Build.0 = Release|Any CPU
		{DF220008-735B-48C6-A4C0-B3C1DE3C5F98}.Debug|Any CPU.ActiveCfg = Debug|Any CPU
		{DF220008-735B-48C6-A4C0-B3C1DE3C5F98}.Debug|Any CPU.Build.0 = Debug|Any CPU
		{DF220008-735B-48C6-A4C0-B3C1DE3C5F98}.Release|Any CPU.ActiveCfg = Release|Any CPU
		{DF220008-735B-48C6-A4C0-B3C1DE3C5F98}.Release|Any CPU.Build.0 = Release|Any CPU
		{A684A159-0431-44E3-A7CC-93E55865EE63}.Debug|Any CPU.ActiveCfg = Debug|Any CPU
		{A684A159-0431-44E3-A7CC-93E55865EE63}.Debug|Any CPU.Build.0 = Debug|Any CPU
		{A684A159-0431-44E3-A7CC-93E55865EE63}.Release|Any CPU.ActiveCfg = Release|Any CPU
		{A684A159-0431-44E3-A7CC-93E55865EE63}.Release|Any CPU.Build.0 = Release|Any CPU
		{DF0B72F9-3725-4A0E-9086-779AB37B1538}.Debug|Any CPU.ActiveCfg = Debug|Any CPU
		{DF0B72F9-3725-4A0E-9086-779AB37B1538}.Debug|Any CPU.Build.0 = Debug|Any CPU
		{DF0B72F9-3725-4A0E-9086-779AB37B1538}.Release|Any CPU.ActiveCfg = Release|Any CPU
		{DF0B72F9-3725-4A0E-9086-779AB37B1538}.Release|Any CPU.Build.0 = Release|Any CPU
		{90DCE232-04CA-4109-96F9-552407EA64B2}.Debug|Any CPU.ActiveCfg = Debug|Any CPU
		{90DCE232-04CA-4109-96F9-552407EA64B2}.Debug|Any CPU.Build.0 = Debug|Any CPU
		{90DCE232-04CA-4109-96F9-552407EA64B2}.Release|Any CPU.ActiveCfg = Release|Any CPU
		{90DCE232-04CA-4109-96F9-552407EA64B2}.Release|Any CPU.Build.0 = Release|Any CPU
	EndGlobalSection
	GlobalSection(SolutionProperties) = preSolution
		HideSolutionNode = FALSE
	EndGlobalSection
EndGlobal
